# This file was autogenerated by Stack.
# You should not edit this file by hand.
# For more information, please see the documentation at:
#   https://docs.haskellstack.org/en/stable/lock_files

packages:
- completed:
    pantry-tree:
      sha256: 38e03206b355db7a6a2f3ad73039b18b15245141b6974080b7d9a99e82ddf76a
      size: 438
    hackage: finitary-2.1.1.0@sha256:f0f19aace424e5fdb5543fbcfb9446e50c8cb349fe7564642c5c25dbe3418076,2743
  original:
    hackage: finitary-2.1.1.0@sha256:f0f19aace424e5fdb5543fbcfb9446e50c8cb349fe7564642c5c25dbe3418076,2743
- completed:
    pantry-tree:
      sha256: 968f07afaa32f02571b841661b53baa21b037f2a38ff57b87524ecb0b062a0db
      size: 594
    hackage: finite-1.4.1.2@sha256:9e41353b5ab053b5c937c13ec2ded6dcddb70e1f29204be4dd6bf683bb2b47c7,1931
  original:
    hackage: finite-1.4.1.2@sha256:9e41353b5ab053b5c937c13ec2ded6dcddb70e1f29204be4dd6bf683bb2b47c7,1931
snapshots:
- completed:
    sha256: 63539429076b7ebbab6daa7656cfb079393bf644971156dc349d7c0453694ac2
    size: 586296
    url: https://raw.githubusercontent.com/commercialhaskell/stackage-snapshots/master/lts/18/18.yaml
  original: lts-18.18
